// !$*UTF8*$!
{
	archiveVersion = 1;
	classes = {
	};
	objectVersion = 50;
	objects = {

/* Begin PBXBuildFile section */
		7D0228692A00F0C0005B8672 /* AppDelegate.swift in Sources */ = {isa = PBXBuildFile; fileRef = 7D0228682A00F0C0005B8672 /* AppDelegate.swift */; };
		7D02286B2A00F0C0005B8672 /* SceneDelegate.swift in Sources */ = {isa = PBXBuildFile; fileRef = 7D02286A2A00F0C0005B8672 /* SceneDelegate.swift */; };
		7D02286D2A00F0C0005B8672 /* ViewController.swift in Sources */ = {isa = PBXBuildFile; fileRef = 7D02286C2A00F0C0005B8672 /* ViewController.swift */; };
		7D0228702A00F0C0005B8672 /* Main.storyboard in Resources */ = {isa = PBXBuildFile; fileRef = 7D02286E2A00F0C0005B8672 /* Main.storyboard */; };
		7D0228722A00F0C1005B8672 /* Assets.xcassets in Resources */ = {isa = PBXBuildFile; fileRef = 7D0228712A00F0C1005B8672 /* Assets.xcassets */; };
		7D0228752A00F0C1005B8672 /* LaunchScreen.storyboard in Resources */ = {isa = PBXBuildFile; fileRef = 7D0228732A00F0C1005B8672 /* LaunchScreen.storyboard */; };
		8CB5CD862A0FCE5E00F05A87 /* NewIngredientController.swift in Sources */ = {isa = PBXBuildFile; fileRef = 8CB5CD852A0FCE5E00F05A87 /* NewIngredientController.swift */; };
		8CF982DD2A05D6A70073A7BF /* ShoppingListController.swift in Sources */ = {isa = PBXBuildFile; fileRef = 8CF982DC2A05D6A70073A7BF /* ShoppingListController.swift */; };
		8CF982E12A05ECAF0073A7BF /* IngredientListController.swift in Sources */ = {isa = PBXBuildFile; fileRef = 8CF982E02A05ECAF0073A7BF /* IngredientListController.swift */; };
		8CF982E32A066C720073A7BF /* UserDefaultsManager.swift in Sources */ = {isa = PBXBuildFile; fileRef = 8CF982E22A066C720073A7BF /* UserDefaultsManager.swift */; };
		8CF982E52A0DD2F10073A7BF /* Ingredient.swift in Sources */ = {isa = PBXBuildFile; fileRef = 8CF982E42A0DD2F10073A7BF /* Ingredient.swift */; };
/* End PBXBuildFile section */

/* Begin PBXFileReference section */
		7D0228652A00F0C0005B8672 /* iosDevelopmentA3.app */ = {isa = PBXFileReference; explicitFileType = wrapper.application; includeInIndex = 0; path = iosDevelopmentA3.app; sourceTree = BUILT_PRODUCTS_DIR; };
		7D0228682A00F0C0005B8672 /* AppDelegate.swift */ = {isa = PBXFileReference; lastKnownFileType = sourcecode.swift; path = AppDelegate.swift; sourceTree = "<group>"; };
		7D02286A2A00F0C0005B8672 /* SceneDelegate.swift */ = {isa = PBXFileReference; lastKnownFileType = sourcecode.swift; path = SceneDelegate.swift; sourceTree = "<group>"; };
		7D02286C2A00F0C0005B8672 /* ViewController.swift */ = {isa = PBXFileReference; lastKnownFileType = sourcecode.swift; path = ViewController.swift; sourceTree = "<group>"; };
		7D02286F2A00F0C0005B8672 /* Base */ = {isa = PBXFileReference; lastKnownFileType = file.storyboard; name = Base; path = Base.lproj/Main.storyboard; sourceTree = "<group>"; };
		7D0228712A00F0C1005B8672 /* Assets.xcassets */ = {isa = PBXFileReference; lastKnownFileType = folder.assetcatalog; path = Assets.xcassets; sourceTree = "<group>"; };
		7D0228742A00F0C1005B8672 /* Base */ = {isa = PBXFileReference; lastKnownFileType = file.storyboard; name = Base; path = Base.lproj/LaunchScreen.storyboard; sourceTree = "<group>"; };
		7D0228762A00F0C1005B8672 /* Info.plist */ = {isa = PBXFileReference; lastKnownFileType = text.plist.xml; path = Info.plist; sourceTree = "<group>"; };
		8CB5CD852A0FCE5E00F05A87 /* NewIngredientController.swift */ = {isa = PBXFileReference; lastKnownFileType = sourcecode.swift; path = NewIngredientController.swift; sourceTree = "<group>"; };
		8CF982DC2A05D6A70073A7BF /* ShoppingListController.swift */ = {isa = PBXFileReference; lastKnownFileType = sourcecode.swift; path = ShoppingListController.swift; sourceTree = "<group>"; };
		8CF982E02A05ECAF0073A7BF /* IngredientListController.swift */ = {isa = PBXFileReference; lastKnownFileType = sourcecode.swift; path = IngredientListController.swift; sourceTree = "<group>"; };
		8CF982E22A066C720073A7BF /* UserDefaultsManager.swift */ = {isa = PBXFileReference; lastKnownFileType = sourcecode.swift; name = UserDefaultsManager.swift; path = Model/UserDefaultsManager.swift; sourceTree = "<group>"; };
		8CF982E42A0DD2F10073A7BF /* Ingredient.swift */ = {isa = PBXFileReference; lastKnownFileType = sourcecode.swift; path = Ingredient.swift; sourceTree = "<group>"; };
/* End PBXFileReference section */

/* Begin PBXFrameworksBuildPhase section */
		7D0228622A00F0C0005B8672 /* Frameworks */ = {
			isa = PBXFrameworksBuildPhase;
			buildActionMask = 2147483647;
			files = (
			);
			runOnlyForDeploymentPostprocessing = 0;
		};
/* End PBXFrameworksBuildPhase section */

/* Begin PBXGroup section */
		7D02285C2A00F0C0005B8672 = {
			isa = PBXGroup;
			children = (
				7D0228672A00F0C0005B8672 /* iosDevelopmentA3 */,
				7D0228662A00F0C0005B8672 /* Products */,
			);
			sourceTree = "<group>";
		};
		7D0228662A00F0C0005B8672 /* Products */ = {
			isa = PBXGroup;
			children = (
				7D0228652A00F0C0005B8672 /* iosDevelopmentA3.app */,
			);
			name = Products;
			sourceTree = "<group>";
		};
		7D0228672A00F0C0005B8672 /* iosDevelopmentA3 */ = {
			isa = PBXGroup;
			children = (
				8CF982D92A033EE90073A7BF /* Model */,
				8CF982D82A033EDE0073A7BF /* View */,
				8CF982D72A033ED10073A7BF /* Controller */,
				7D0228682A00F0C0005B8672 /* AppDelegate.swift */,
				7D02286A2A00F0C0005B8672 /* SceneDelegate.swift */,
				7D0228712A00F0C1005B8672 /* Assets.xcassets */,
				7D0228732A00F0C1005B8672 /* LaunchScreen.storyboard */,
				7D0228762A00F0C1005B8672 /* Info.plist */,
			);
			path = iosDevelopmentA3;
			sourceTree = "<group>";
		};
		8CF982D72A033ED10073A7BF /* Controller */ = {
			isa = PBXGroup;
			children = (
				7D02286C2A00F0C0005B8672 /* ViewController.swift */,
				8CF982DC2A05D6A70073A7BF /* ShoppingListController.swift */,
				8CF982E02A05ECAF0073A7BF /* IngredientListController.swift */,
				8CB5CD852A0FCE5E00F05A87 /* NewIngredientController.swift */,
			);
			path = Controller;
			sourceTree = "<group>";
		};
		8CF982D82A033EDE0073A7BF /* View */ = {
			isa = PBXGroup;
			children = (
				7D02286E2A00F0C0005B8672 /* Main.storyboard */,
			);
			path = View;
			sourceTree = "<group>";
		};
		8CF982D92A033EE90073A7BF /* Model */ = {
			isa = PBXGroup;
			children = (
				8CF982E22A066C720073A7BF /* UserDefaultsManager.swift */,
				8CF982E42A0DD2F10073A7BF /* Ingredient.swift */,
			);
			name = Model;
			sourceTree = "<group>";
		};
/* End PBXGroup section */

/* Begin PBXNativeTarget section */
		7D0228642A00F0C0005B8672 /* iosDevelopmentA3 */ = {
			isa = PBXNativeTarget;
			buildConfigurationList = 7D0228792A00F0C1005B8672 /* Build configuration list for PBXNativeTarget "iosDevelopmentA3" */;
			buildPhases = (
				7D0228612A00F0C0005B8672 /* Sources */,
				7D0228622A00F0C0005B8672 /* Frameworks */,
				7D0228632A00F0C0005B8672 /* Resources */,
			);
			buildRules = (
			);
			dependencies = (
			);
			name = iosDevelopmentA3;
			productName = iosDevelopmentA3;
			productReference = 7D0228652A00F0C0005B8672 /* iosDevelopmentA3.app */;
			productType = "com.apple.product-type.application";
		};
/* End PBXNativeTarget section */

/* Begin PBXProject section */
		7D02285D2A00F0C0005B8672 /* Project object */ = {
			isa = PBXProject;
			attributes = {
				LastSwiftUpdateCheck = 1250;
				LastUpgradeCheck = 1250;
				TargetAttributes = {
					7D0228642A00F0C0005B8672 = {
						CreatedOnToolsVersion = 12.5;
					};
				};
			};
			buildConfigurationList = 7D0228602A00F0C0005B8672 /* Build configuration list for PBXProject "iosDevelopmentA3" */;
			compatibilityVersion = "Xcode 9.3";
			developmentRegion = en;
			hasScannedForEncodings = 0;
			knownRegions = (
				en,
				Base,
			);
			mainGroup = 7D02285C2A00F0C0005B8672;
			productRefGroup = 7D0228662A00F0C0005B8672 /* Products */;
			projectDirPath = "";
			projectRoot = "";
			targets = (
				7D0228642A00F0C0005B8672 /* iosDevelopmentA3 */,
			);
		};
/* End PBXProject section */

/* Begin PBXResourcesBuildPhase section */
		7D0228632A00F0C0005B8672 /* Resources */ = {
			isa = PBXResourcesBuildPhase;
			buildActionMask = 2147483647;
			files = (
				7D0228752A00F0C1005B8672 /* LaunchScreen.storyboard in Resources */,
				7D0228722A00F0C1005B8672 /* Assets.xcassets in Resources */,
				7D0228702A00F0C0005B8672 /* Main.storyboard in Resources */,
			);
			runOnlyForDeploymentPostprocessing = 0;
		};
/* End PBXResourcesBuildPhase section */

/* Begin PBXSourcesBuildPhase section */
		7D0228612A00F0C0005B8672 /* Sources */ = {
			isa = PBXSourcesBuildPhase;
			buildActionMask = 2147483647;
			files = (
				8CF982E12A05ECAF0073A7BF /* IngredientListController.swift in Sources */,
				7D02286D2A00F0C0005B8672 /* ViewController.swift in Sources */,
				8CF982E52A0DD2F10073A7BF /* Ingredient.swift in Sources */,
				8CF982E32A066C720073A7BF /* UserDefaultsManager.swift in Sources */,
				7D0228692A00F0C0005B8672 /* AppDelegate.swift in Sources */,
				7D02286B2A00F0C0005B8672 /* SceneDelegate.swift in Sources */,
				8CF982DD2A05D6A70073A7BF /* ShoppingListController.swift in Sources */,
				8CB5CD862A0FCE5E00F05A87 /* NewIngredientController.swift in Sources */,
			);
			runOnlyForDeploymentPostprocessing = 0;
		};
/* End PBXSourcesBuildPhase section */

/* Begin PBXVariantGroup section */
		7D02286E2A00F0C0005B8672 /* Main.storyboard */ = {
			isa = PBXVariantGroup;
			children = (
				7D02286F2A00F0C0005B8672 /* Base */,
			);
			name = Main.storyboard;
			sourceTree = "<group>";
		};
		7D0228732A00F0C1005B8672 /* LaunchScreen.storyboard */ = {
			isa = PBXVariantGroup;
			children = (
				7D0228742A00F0C1005B8672 /* Base */,
			);
			name = LaunchScreen.storyboard;
			sourceTree = "<group>";
		};
/* End PBXVariantGroup section */

/* Begin XCBuildConfiguration section */
		7D0228772A00F0C1005B8672 /* Debug */ = {
			isa = XCBuildConfiguration;
			buildSettings = {
				ALWAYS_SEARCH_USER_PATHS = NO;
				CLANG_ANALYZER_NONNULL = YES;
				CLANG_ANALYZER_NUMBER_OBJECT_CONVERSION = YES_AGGRESSIVE;
				CLANG_CXX_LANGUAGE_STANDARD = "gnu++14";
				CLANG_CXX_LIBRARY = "libc++";
				CLANG_ENABLE_MODULES = YES;
				CLANG_ENABLE_OBJC_ARC = YES;
				CLANG_ENABLE_OBJC_WEAK = YES;
				CLANG_WARN_BLOCK_CAPTURE_AUTORELEASING = YES;
				CLANG_WARN_BOOL_CONVERSION = YES;
				CLANG_WARN_COMMA = YES;
				CLANG_WARN_CONSTANT_CONVERSION = YES;
				CLANG_WARN_DEPRECATED_OBJC_IMPLEMENTATIONS = YES;
				CLANG_WARN_DIRECT_OBJC_ISA_USAGE = YES_ERROR;
				CLANG_WARN_DOCUMENTATION_COMMENTS = YES;
				CLANG_WARN_EMPTY_BODY = YES;
				CLANG_WARN_ENUM_CONVERSION = YES;
				CLANG_WARN_INFINITE_RECURSION = YES;
				CLANG_WARN_INT_CONVERSION = YES;
				CLANG_WARN_NON_LITERAL_NULL_CONVERSION = YES;
				CLANG_WARN_OBJC_IMPLICIT_RETAIN_SELF = YES;
				CLANG_WARN_OBJC_LITERAL_CONVERSION = YES;
				CLANG_WARN_OBJC_ROOT_CLASS = YES_ERROR;
				CLANG_WARN_QUOTED_INCLUDE_IN_FRAMEWORK_HEADER = YES;
				CLANG_WARN_RANGE_LOOP_ANALYSIS = YES;
				CLANG_WARN_STRICT_PROTOTYPES = YES;
				CLANG_WARN_SUSPICIOUS_MOVE = YES;
				CLANG_WARN_UNGUARDED_AVAILABILITY = YES_AGGRESSIVE;
				CLANG_WARN_UNREACHABLE_CODE = YES;
				CLANG_WARN__DUPLICATE_METHOD_MATCH = YES;
				COPY_PHASE_STRIP = NO;
				DEBUG_INFORMATION_FORMAT = dwarf;
				ENABLE_STRICT_OBJC_MSGSEND = YES;
				ENABLE_TESTABILITY = YES;
				GCC_C_LANGUAGE_STANDARD = gnu11;
				GCC_DYNAMIC_NO_PIC = NO;
				GCC_NO_COMMON_BLOCKS = YES;
				GCC_OPTIMIZATION_LEVEL = 0;
				GCC_PREPROCESSOR_DEFINITIONS = (
					"DEBUG=1",
					"$(inherited)",
				);
				GCC_WARN_64_TO_32_BIT_CONVERSION = YES;
				GCC_WARN_ABOUT_RETURN_TYPE = YES_ERROR;
				GCC_WARN_UNDECLARED_SELECTOR = YES;
				GCC_WARN_UNINITIALIZED_AUTOS = YES_AGGRESSIVE;
				GCC_WARN_UNUSED_FUNCTION = YES;
				GCC_WARN_UNUSED_VARIABLE = YES;
				IPHONEOS_DEPLOYMENT_TARGET = 14.5;
				MTL_ENABLE_DEBUG_INFO = INCLUDE_SOURCE;
				MTL_FAST_MATH = YES;
				ONLY_ACTIVE_ARCH = YES;
				SDKROOT = iphoneos;
				SWIFT_ACTIVE_COMPILATION_CONDITIONS = DEBUG;
				SWIFT_OPTIMIZATION_LEVEL = "-Onone";
			};
			name = Debug;
		};
		7D0228782A00F0C1005B8672 /* Release */ = {
			isa = XCBuildConfiguration;
			buildSettings = {
				ALWAYS_SEARCH_USER_PATHS = NO;
				CLANG_ANALYZER_NONNULL = YES;
				CLANG_ANALYZER_NUMBER_OBJECT_CONVERSION = YES_AGGRESSIVE;
				CLANG_CXX_LANGUAGE_STANDARD = "gnu++14";
				CLANG_CXX_LIBRARY = "libc++";
				CLANG_ENABLE_MODULES = YES;
				CLANG_ENABLE_OBJC_ARC = YES;
				CLANG_ENABLE_OBJC_WEAK = YES;
				CLANG_WARN_BLOCK_CAPTURE_AUTORELEASING = YES;
				CLANG_WARN_BOOL_CONVERSION = YES;
				CLANG_WARN_COMMA = YES;
				CLANG_WARN_CONSTANT_CONVERSION = YES;
				CLANG_WARN_DEPRECATED_OBJC_IMPLEMENTATIONS = YES;
				CLANG_WARN_DIRECT_OBJC_ISA_USAGE = YES_ERROR;
				CLANG_WARN_DOCUMENTATION_COMMENTS = YES;
				CLANG_WARN_EMPTY_BODY = YES;
				CLANG_WARN_ENUM_CONVERSION = YES;
				CLANG_WARN_INFINITE_RECURSION = YES;
				CLANG_WARN_INT_CONVERSION = YES;
				CLANG_WARN_NON_LITERAL_NULL_CONVERSION = YES;
				CLANG_WARN_OBJC_IMPLICIT_RETAIN_SELF = YES;
				CLANG_WARN_OBJC_LITERAL_CONVERSION = YES;
				CLANG_WARN_OBJC_ROOT_CLASS = YES_ERROR;
				CLANG_WARN_QUOTED_INCLUDE_IN_FRAMEWORK_HEADER = YES;
				CLANG_WARN_RANGE_LOOP_ANALYSIS = YES;
				CLANG_WARN_STRICT_PROTOTYPES = YES;
				CLANG_WARN_SUSPICIOUS_MOVE = YES;
				CLANG_WARN_UNGUARDED_AVAILABILITY = YES_AGGRESSIVE;
				CLANG_WARN_UNREACHABLE_CODE = YES;
				CLANG_WARN__DUPLICATE_METHOD_MATCH = YES;
				COPY_PHASE_STRIP = NO;
				DEBUG_INFORMATION_FORMAT = "dwarf-with-dsym";
				ENABLE_NS_ASSERTIONS = NO;
				ENABLE_STRICT_OBJC_MSGSEND = YES;
				GCC_C_LANGUAGE_STANDARD = gnu11;
				GCC_NO_COMMON_BLOCKS = YES;
				GCC_WARN_64_TO_32_BIT_CONVERSION = YES;
				GCC_WARN_ABOUT_RETURN_TYPE = YES_ERROR;
				GCC_WARN_UNDECLARED_SELECTOR = YES;
				GCC_WARN_UNINITIALIZED_AUTOS = YES_AGGRESSIVE;
				GCC_WARN_UNUSED_FUNCTION = YES;
				GCC_WARN_UNUSED_VARIABLE = YES;
				IPHONEOS_DEPLOYMENT_TARGET = 14.5;
				MTL_ENABLE_DEBUG_INFO = NO;
				MTL_FAST_MATH = YES;
				SDKROOT = iphoneos;
				SWIFT_COMPILATION_MODE = wholemodule;
				SWIFT_OPTIMIZATION_LEVEL = "-O";
				VALIDATE_PRODUCT = YES;
			};
			name = Release;
		};
		7D02287A2A00F0C1005B8672 /* Debug */ = {
			isa = XCBuildConfiguration;
			buildSettings = {
				ASSETCATALOG_COMPILER_APPICON_NAME = AppIcon;
				ASSETCATALOG_COMPILER_GLOBAL_ACCENT_COLOR_NAME = AccentColor;
				CODE_SIGN_STYLE = Automatic;
				INFOPLIST_FILE = iosDevelopmentA3/Info.plist;
				LD_RUNPATH_SEARCH_PATHS = (
					"$(inherited)",
					"@executable_path/Frameworks",
				);
				PRODUCT_BUNDLE_IDENTIFIER = jemima.iosDevelopmentA3;
				PRODUCT_NAME = "$(TARGET_NAME)";
				SWIFT_VERSION = 5.0;
				TARGETED_DEVICE_FAMILY = "1,2";
			};
			name = Debug;
		};
		7D02287B2A00F0C1005B8672 /* Release */ = {
			isa = XCBuildConfiguration;
			buildSettings = {
				ASSETCATALOG_COMPILER_APPICON_NAME = AppIcon;
				ASSETCATALOG_COMPILER_GLOBAL_ACCENT_COLOR_NAME = AccentColor;
				CODE_SIGN_STYLE = Automatic;
				INFOPLIST_FILE = iosDevelopmentA3/Info.plist;
				LD_RUNPATH_SEARCH_PATHS = (
					"$(inherited)",
					"@executable_path/Frameworks",
				);
				PRODUCT_BUNDLE_IDENTIFIER = jemima.iosDevelopmentA3;
				PRODUCT_NAME = "$(TARGET_NAME)";
				SWIFT_VERSION = 5.0;
				TARGETED_DEVICE_FAMILY = "1,2";
			};
			name = Release;
		};
/* End XCBuildConfiguration section */

/* Begin XCConfigurationList section */
		7D0228602A00F0C0005B8672 /* Build configuration list for PBXProject "iosDevelopmentA3" */ = {
			isa = XCConfigurationList;
			buildConfigurations = (
				7D0228772A00F0C1005B8672 /* Debug */,
				7D0228782A00F0C1005B8672 /* Release */,
			);
			defaultConfigurationIsVisible = 0;
			defaultConfigurationName = Release;
		};
		7D0228792A00F0C1005B8672 /* Build configuration list for PBXNativeTarget "iosDevelopmentA3" */ = {
			isa = XCConfigurationList;
			buildConfigurations = (
				7D02287A2A00F0C1005B8672 /* Debug */,
				7D02287B2A00F0C1005B8672 /* Release */,
			);
			defaultConfigurationIsVisible = 0;
			defaultConfigurationName = Release;
		};
/* End XCConfigurationList section */
	};
	rootObject = 7D02285D2A00F0C0005B8672 /* Project object */;
}
